{
  "version": 1,
  "dependencies": {
    "net10.0": {
      "Microsoft.AspNetCore.Components.WebAssembly.Server": {
        "type": "Direct",
        "requested": "[10.0.12, )",
        "resolved": "10.0.12",
        "contentHash": "G/+1rd0e/oUtEt8z08YSl5kbK1xzbYXN1AbhSmew9BK16yowT62agw/ty0EGFVlUT6zMqMRKTxEvDj8COmqebQ==",
        "dependencies": {
          "Microsoft.AspNetCore.Components.WebAssembly": "10.0.12"
        }
      },
      "Asp.Versioning.Abstractions": {
        "type": "Transitive",
        "resolved": "10.2.1",
        "contentHash": "jMBztsVim+rYVrkNY23dMuOjTGXGQ9+je1xb3i17KgUof7OcBZtMMDduEWoCQ52SpTlYqKsuzgJyUMCMOFCBfg=="
      },
      "Asp.Versioning.Http": {
        "type": "Transitive",
        "resolved": "10.2.1",
        "contentHash": "XaVOKS4AV6a6JdFsiuyLkNwU0ilWhUK2U71mBEXJsgi5AGpo24UkfZ4KUhpRGpuMmQNrugS7yxCIscGcnujdFA==",
        "dependencies": {
          "Asp.Versioning.Abstractions": "10.2.1"
        }
      },
      "Asp.Versioning.Mvc": {
        "type": "Transitive",
        "resolved": "10.2.1",
        "contentHash": "fMzUraYZOAobKQn2PffrgPsULbCWFeWroYRYndPasxPsiQl1+i8x5qYRuMYZAbzDrBnymPUMBxT2gZG2PwbkcQ==",
        "dependencies": {
          "Asp.Versioning.Http": "10.2.1"
        }
      },
      "Asp.Versioning.Mvc.ApiExplorer": {
        "type": "Transitive",
        "resolved": "10.2.1",
        "contentHash": "Tv1megkpUy+3FN9yfVJKIcYMLXTe5CPs4zftBxGaZhADJe6h9CJZ2Okh5cG4PoE7wzHTef+AK++8IuZta3Ppog==",
        "dependencies": {
          "Asp.Versioning.Mvc": "10.2.1"
        }
      },
      "Asp.Versioning.OpenApi": {
        "type": "Transitive",
        "resolved": "10.2.3",
        "contentHash": "wi5rcQc7YjO6q/3RAvrhQ/bceBGAKImBU1DKF1OvSvX3mLOgXu3GyxBcYB+aJMupc1Th4r2Sb9ggCptUe6JUBQ==",
        "dependencies": {
          "Asp.Versioning.Mvc.ApiExplorer": "10.2.1",
          "Microsoft.AspNetCore.OpenApi": "10.0.10",
          "Microsoft.OpenApi": "[2.7.5, 3.0.0)"
        }
      },
      "AspNetCore.HealthChecks.Rabbitmq": {
        "type": "Transitive",
        "resolved": "9.0.0",
        "contentHash": "7WSQ7EwioA5niakzzLtGVcZMEOh+42fSwrI24vnNsT7gZuVGOViNekyz38G6wBPYKcpL/lUkMdg3ZaCiZTi/Dw==",
        "dependencies": {
          "RabbitMQ.Client": "7.0.0"
        }
      },
      "AspNetCore.HealthChecks.Redis": {
        "type": "Transitive",
        "resolved": "9.0.0",
        "contentHash": "yNH0h8GLRbAf+PU5HNVLZ5hNeyq9mDVmRKO9xuZsme/znUYoBJlQvI0gq45gaZNlLncCHkMhR4o90MuT+gxxPw==",
        "dependencies": {
          "StackExchange.Redis": "2.7.4"
        }
      },
      "Maliev.ShadcnBlazor": {
        "type": "Transitive",
        "resolved": "2.2.1",
        "contentHash": "g2ptePCQag9s7/OR9OQSoLa88LMJTbdbacl+0TgFpdC8+4cvATZeNlQHrZIU8e1Q46ht773y1WGhdp3H0/Jmtw=="
      },
      "Maliev.ShadcnBlazor.Icons.Lucide": {
        "type": "Transitive",
        "resolved": "2.2.1",
        "contentHash": "E0nfQxohMV29BfzGjUQGVP65mJv+ePbqfbBmxPr4sF2eklwZEm/aJouEY5oIUXVz3QW5aHlbAQc8BY2UtOYZwg==",
        "dependencies": {
          "Maliev.ShadcnBlazor": "2.2.1"
        }
      },
      "MassTransit": {
        "type": "Transitive",
        "resolved": "9.2.1",
        "contentHash": "99SFdhxyAxv5YhlXIwwpKjJYKy+cLMS+nvU5/fulUZB5P1WhXyUPjpu9zmxM+QY1TRnQkT3lyGXJkEPkb4Z3pw==",
        "dependencies": {
          "MassTransit.Abstractions": "9.2.1"
        }
      },
      "MassTransit.Abstractions": {
        "type": "Transitive",
        "resolved": "9.2.1",
        "contentHash": "R5+43Hs4O4PYzbwkgZnEO1a66Smdk1y4zjaUMKVgXPnBJSZnT3IuCATM6w4fPDfEezT2SEezfFZ09cZVpLT7eg=="
      },
      "MassTransit.RabbitMQ": {
        "type": "Transitive",
        "resolved": "9.2.1",
        "contentHash": "PxzPuHSrF+HKutU40CWthKDZO6/cdaHNuExf5OO3yoxTE9yf8399cYYbGtZZXZaKILkWOMsufM2EjtgRzY6tjQ==",
        "dependencies": {
          "MassTransit": "9.2.1",
          "RabbitMQ.Client": "7.2.2"
        }
      },
      "Microsoft.AspNetCore.Authentication.JwtBearer": {
        "type": "Transitive",
        "resolved": "10.0.12",
        "contentHash": "DeE+Bq2OqB3FikFkZk+7gFBeLOQhkSolejLrbi+a9zpfvXtW1Ff6Nd6DIvHXIm+pc4aM4+52vDy3jnuau0qoUQ==",
        "dependencies": {
          "Microsoft.IdentityModel.Protocols.OpenIdConnect": "8.19.2"
        }
      },
      "Microsoft.AspNetCore.Components.WebAssembly": {
        "type": "Transitive",
        "resolved": "10.0.12",
        "contentHash": "/IEbzyCnW0t+1ZQcxcV3Aj65gus2ILsUaA8U0rnkSGRQbKlJxr/5YOifOLq0eLrM0m3kXEV/A3iEwrqT3tgwiw==",
        "dependencies": {
          "Microsoft.JSInterop.WebAssembly": "10.0.12"
        }
      },
      "Microsoft.AspNetCore.DataProtection.StackExchangeRedis": {
        "type": "Transitive",
        "resolved": "10.0.12",
        "contentHash": "secUkbBZ3PVVMhb0E+WVtNSFrKmDYNQwKrmsqkSftk9AgHjtb/Aaknsd9xD3E0iD7gwDvUTsSLUmAKb6FluXgA==",
        "dependencies": {
          "StackExchange.Redis": "2.7.27"
        }
      },
      "Microsoft.AspNetCore.OpenApi": {
        "type": "Transitive",
        "resolved": "10.0.12",
        "contentHash": "7RnQ/UKn+kK3JDLmTpW+vVqNErWthGPAVAy1aIiBzv4ucQ6g9NFvOJUuT0PHcpvcJxGVxctMxj6t+NESWMrgHQ==",
        "dependencies": {
          "Microsoft.OpenApi": "[2.12.0, 3.0.0)"
        }
      },
      "Microsoft.Bcl.Cryptography": {
        "type": "Transitive",
        "resolved": "10.0.2",
        "contentHash": "LG9Yll3B5aNpxv0+D47g6LiOiKBIlodhcHdQwcYzo8VeexFLGqx5ymetmA2aBRyo9cCcWsQWrFsdbsr8LvmWDw=="
      },
      "Microsoft.EntityFrameworkCore": {
        "type": "Transitive",
        "resolved": "10.0.12",
        "contentHash": "e7OrVN8U5yr4kuwdTHWBHGVQIVsGfMkAr0Ej1/BnrS989Q0XBVANpIzNZ2bc1GvMZ0/XwMt5InTnmKskxGy99Q==",
        "dependencies": {
          "Microsoft.EntityFrameworkCore.Abstractions": "10.0.12",
          "Microsoft.EntityFrameworkCore.Analyzers": "10.0.12"
        }
      },
      "Microsoft.EntityFrameworkCore.Abstractions": {
        "type": "Transitive",
        "resolved": "10.0.12",
        "contentHash": "kDrux7T6C3V/YYYe2LXr7x6AEsVyq5Y2YoTE9er1SwbDtap3z1g8RgxNh5eKQVyB4T+DKvBBJ4Ezd/VZzJQJZg=="
      },
      "Microsoft.EntityFrameworkCore.Analyzers": {
        "type": "Transitive",
        "resolved": "10.0.12",
        "contentHash": "Kd4o2oO1A6dfKxjz5LS16QyLtpCFTUiFWwmBABETAXRsSImBdRdWeKjSgbbRhAMiV3a3/nWr95ZtzClT4uaADQ=="
      },
      "Microsoft.EntityFrameworkCore.Relational": {
        "type": "Transitive",
        "resolved": "10.0.12",
        "contentHash": "OiHmr8XzX96dbgMsYGe8qoqg4KxibdZG2r0QUVJBGktFInOp8IrABe8jvcbo5hrqeWfbwpK7fCEBiEPbY/ik4A==",
        "dependencies": {
          "Microsoft.EntityFrameworkCore": "10.0.12"
        }
      },
      "Microsoft.Extensions.AmbientMetadata.Application": {
        "type": "Transitive",
        "resolved": "10.9.0",
        "contentHash": "BX45SeAjP6sz9Djg6Gm0/IruBuWkyUKxtr4pn9sLAuprnuRn+VBPZVH2XxpzbaT7cVCPim3+Dkijl6yhLHjBOw=="
      },
      "Microsoft.Extensions.Caching.StackExchangeRedis": {
        "type": "Transitive",
        "resolved": "10.0.12",
        "contentHash": "iQoMgbt02dl49cv7GLNeh771xstAbg9xKpuWosYmnOU0CJ9ni10F3+1IrgvbjyaV0JGulauGRrNir50QKWonKQ==",
        "dependencies": {
          "StackExchange.Redis": "2.7.27"
        }
      },
      "Microsoft.Extensions.Compliance.Abstractions": {
        "type": "Transitive",
        "resolved": "10.9.0",
        "contentHash": "tuSqNuiJxlln43sZ8c1EDA4WXit1eX4foGadylXso3DnMVc+DtKfaNEwvHuiFXfPsEUZ6Z3GnF0Bfk9vvOsE4Q=="
      },
      "Microsoft.Extensions.DependencyInjection.AutoActivation": {
        "type": "Transitive",
        "resolved": "10.9.0",
        "contentHash": "hO/IpudHBl+EMXm1Ag8+7ersCN7VuiR6ech1+cVk8I+o7ssPRKdTozIAO4HGPt49G/lY6lo7G2kY5Q00biMHew=="
      },
      "Microsoft.Extensions.Diagnostics.ExceptionSummarization": {
        "type": "Transitive",
        "resolved": "10.9.0",
        "contentHash": "Cyp36W6/XHD6sSDnbc6Ss7M+qOcjrer400Dx4Tfkb5OHcKV6bp9uMqZ4Y8PAoSwTfS8a/3lB9xCF+CLf0JGUig=="
      },
      "Microsoft.Extensions.Diagnostics.HealthChecks.EntityFrameworkCore": {
        "type": "Transitive",
        "resolved": "10.0.12",
        "contentHash": "BMG8waDSju79jJGdnOPrFrpqUv9/A+Qbg43WLmqUwMgdN26ozOK5iLXVCdaXgX71TvwEGX3HWCAGy711vGAl2Q==",
        "dependencies": {
          "Microsoft.EntityFrameworkCore.Relational": "10.0.12"
        }
      },
      "Microsoft.Extensions.Http.Diagnostics": {
        "type": "Transitive",
        "resolved": "10.9.0",
        "contentHash": "jxxGX3bUe0ZZFtkMaigIJG44aGK6toE0EFhQwPYfTGLHw4EgXgceO8+RAdXZakK4BezpeDhR//6cxqmtae0I9Q==",
        "dependencies": {
          "Microsoft.Extensions.Telemetry": "10.9.0"
        }
      },
      "Microsoft.Extensions.Http.Resilience": {
        "type": "Transitive",
        "resolved": "10.9.0",
        "contentHash": "loWrGc0mZt6N91IV+PZQeNU4uvb2vHdKgU9pUo8i2SGix9edTNCVhwzBp3gWJeaXeoPMph6F9xXcXF4W2ePpRg==",
        "dependencies": {
          "Microsoft.Extensions.Http.Diagnostics": "10.9.0",
          "Microsoft.Extensions.Resilience": "10.9.0"
        }
      },
      "Microsoft.Extensions.Resilience": {
        "type": "Transitive",
        "resolved": "10.9.0",
        "contentHash": "LXMTKZGNzs3fsjKytTVeIEdp+yssJon7PW3VbxERZeqALA2Za/AQzt2h6K64PZ2NzgfFnX4rCJp6aTe+ocX83A==",
        "dependencies": {
          "Microsoft.Extensions.Diagnostics.ExceptionSummarization": "10.9.0",
          "Microsoft.Extensions.Telemetry.Abstractions": "10.9.0",
          "Polly.Extensions": "8.4.2",
          "Polly.RateLimiting": "8.4.2"
        }
      },
      "Microsoft.Extensions.ServiceDiscovery": {
        "type": "Transitive",
        "resolved": "10.9.0",
        "contentHash": "mg982FgqvhLI/KGIpIqpx3SEyEbV6ZQUlAo6woNbj3kcqMa5pfCp2Cx/mxxXNqQrl5qbikPBhxGxtoXlFTzh0A==",
        "dependencies": {
          "Microsoft.Extensions.ServiceDiscovery.Abstractions": "10.9.0"
        }
      },
      "Microsoft.Extensions.ServiceDiscovery.Abstractions": {
        "type": "Transitive",
        "resolved": "10.9.0",
        "contentHash": "rn+D8DCZN0jlo7exll5QyeX+SXjyBxPsD4jG0ffqANcPBEdpP3bPBChLmCoSsqe62qqta94reBdFgJHciNARZQ=="
      },
      "Microsoft.Extensions.Telemetry": {
        "type": "Transitive",
        "resolved": "10.9.0",
        "contentHash": "RpV3VzPa1YoHqvE2Q4uOuVjioVJhLOhaz4FXIE3XAEvla4qujnM+wFB7QnTAmIJxlg7lbBslkIHJQzpI8yHDQQ==",
        "dependencies": {
          "Microsoft.Extensions.AmbientMetadata.Application": "10.9.0",
          "Microsoft.Extensions.DependencyInjection.AutoActivation": "10.9.0",
          "Microsoft.Extensions.Telemetry.Abstractions": "10.9.0"
        }
      },
      "Microsoft.Extensions.Telemetry.Abstractions": {
        "type": "Transitive",
        "resolved": "10.9.0",
        "contentHash": "rCyM64XvBNi2IY/5noMVsJjt22zVmnI+8tGrb6JnPRW/75Nyv9Hi+7gkxb7zQcR0+2mzS1sAqPXz2PsdHZCqHg==",
        "dependencies": {
          "Microsoft.Extensions.Compliance.Abstractions": "10.9.0"
        }
      },
      "Microsoft.IdentityModel.Abstractions": {
        "type": "Transitive",
        "resolved": "8.23.0",
        "contentHash": "JjiBkKj12OKvuWr+kB5sQwb7fmWW5bi03Mq/rd2Fu/7YwZ1RWQO9KhI9lBxki4o1VvY0wzqny8c7nwx1uuZzVg=="
      },
      "Microsoft.IdentityModel.JsonWebTokens": {
        "type": "Transitive",
        "resolved": "8.23.0",
        "contentHash": "ePEm+mv5iswzckE3mygh52uFUeQpVlHa1B10nS4jpEyNV5tL1mLgRS9U5sMaRlhsPRsZ1DJP0+FhxSrOIfMGIg==",
        "dependencies": {
          "Microsoft.IdentityModel.Tokens": "8.23.0"
        }
      },
      "Microsoft.IdentityModel.Logging": {
        "type": "Transitive",
        "resolved": "8.23.0",
        "contentHash": "wSXXOoV4b4hhRcC492jyNBZkO0LWrcWtWP5Cl5ujrON3vTMlufXDT39gTZfBhFAZCV2XJtNU6DLHMDR6E9YpUg==",
        "dependencies": {
          "Microsoft.IdentityModel.Abstractions": "8.23.0"
        }
      },
      "Microsoft.IdentityModel.Protocols": {
        "type": "Transitive",
        "resolved": "8.19.2",
        "contentHash": "sGxSsSrZXNmca6D+jHH2rVRyo2nNRd/g4H9CFbPmLLq0xgoH1U0orLWE5minfijw7+zq49tBs7txenbfAErRoQ==",
        "dependencies": {
          "Microsoft.IdentityModel.Tokens": "8.19.2"
        }
      },
      "Microsoft.IdentityModel.Protocols.OpenIdConnect": {
        "type": "Transitive",
        "resolved": "8.19.2",
        "contentHash": "1XOcyY36cVymzE3qKdzKaUEZ4Pzt7ZpSa14JZoPPK1NLFUkQDs85TCqpV6XDo0YjFXj6nVK00AfOHppjghjhtw==",
        "dependencies": {
          "Microsoft.IdentityModel.Protocols": "8.19.2",
          "System.IdentityModel.Tokens.Jwt": "8.19.2"
        }
      },
      "Microsoft.IdentityModel.Tokens": {
        "type": "Transitive",
        "resolved": "8.23.0",
        "contentHash": "PUowLq8gqICt+oepHWmKBOJmnVmWoQ5dOVn2CgwFMBZZOAEMHgCQLWs8ONYdsjAyjhDHaFy+AAx0OMG/oV06Zw==",
        "dependencies": {
          "Microsoft.Bcl.Cryptography": "10.0.2",
          "Microsoft.IdentityModel.Logging": "8.23.0"
        }
      },
      "Microsoft.JSInterop.WebAssembly": {
        "type": "Transitive",
        "resolved": "10.0.12",
        "contentHash": "v8A9+3yOF6yD2nJzkDyINlkWxiB6ufCutO4Tgo3edn+CyI2WdstA8VzXy7sJrbtB+OaTfUZdaBET2JMMWuJyig=="
      },
      "Microsoft.OpenApi": {
        "type": "Transitive",
        "resolved": "2.12.2",
        "contentHash": "ZkT7qiJe0Kj0+DTZOZo+xrDy1kNmdsWFQVPIQLNx9ZJ0T9cB2LG7r+Bi60so8/+yg1nkS7QCPadrzsTG4VPKrA=="
      },
      "Npgsql": {
        "type": "Transitive",
        "resolved": "10.0.3",
        "contentHash": "7nb5YzXuvWWJxB0J8DiyL3we+X4FOctZrt0fIBnucOIaIevFEEwGQVZKtiu9olXdlNAK1eNgqSral6r/jlhI4w=="
      },
      "Npgsql.EntityFrameworkCore.PostgreSQL": {
        "type": "Transitive",
        "resolved": "10.0.3",
        "contentHash": "IPGrrZnRkuW7OlHDhUESZz4G5DLkW7Nej/O3Cx+0iTsgyU5XJxBgpsvTHLloo3WWuAKKbDHXBvWPVkX1deRh1Q==",
        "dependencies": {
          "Microsoft.EntityFrameworkCore": "[10.0.4, 11.0.0)",
          "Microsoft.EntityFrameworkCore.Relational": "[10.0.4, 11.0.0)",
          "Npgsql": "10.0.3"
        }
      },
      "OpenTelemetry": {
        "type": "Transitive",
        "resolved": "1.18.0",
        "contentHash": "13AKxycK+olOLe061MjliPTNBR/DUkjyRr0b9zwUhKyMjFS8lXS7G31R85rkbM55up2YFmdykWdAw2giBDJpiQ==",
        "dependencies": {
          "OpenTelemetry.Api.ProviderBuilderExtensions": "1.18.0"
        }
      },
      "OpenTelemetry.Api": {
        "type": "Transitive",
        "resolved": "1.18.0",
        "contentHash": "Dhzm5oughIY9EWckt2J1yXcEbXpki5WCL2q7prJoYxzH6C7jdkfGtPMTkUVZZ4AhjJKzQnlC+kLSIlmIVwC4Vw=="
      },
      "OpenTelemetry.Api.ProviderBuilderExtensions": {
        "type": "Transitive",
        "resolved": "1.18.0",
        "contentHash": "io6A6PJFp3vIObRGf6oPjdHsdglkinXt/0SpTDJHrVnsLxUtOzwh/QwTsnhBJ43wJ6QcGMkyNzsSSY8XEB1Q5Q==",
        "dependencies": {
          "OpenTelemetry.Api": "1.18.0"
        }
      },
      "OpenTelemetry.Exporter.OpenTelemetryProtocol": {
        "type": "Transitive",
        "resolved": "1.18.0",
        "contentHash": "Et3WAviooKGObZjUZN8d6eTsdJs1YM3ZoN+KlWSAHksTmHG1nyGi9XGo2wb0fkFMWK0g80FOPdR1njg52Dm+aw==",
        "dependencies": {
          "OpenTelemetry": "1.18.0"
        }
      },
      "OpenTelemetry.Exporter.Prometheus.AspNetCore": {
        "type": "Transitive",
        "resolved": "1.14.0-beta.1",
        "contentHash": "YL9hQA1BDXCTQ4AkrQJ7DQST0W/7zwOSwJg8MTyIArWP1tCwyC0bh+ih6TjXhuridJkFGfh6UNgEtLgSTZak7A==",
        "dependencies": {
          "OpenTelemetry": "[1.14.0, 2.0.0)"
        }
      },
      "OpenTelemetry.Extensions.Hosting": {
        "type": "Transitive",
        "resolved": "1.18.0",
        "contentHash": "u+JMA82H65MKwMvd2qUpL8C2qE4Jux2nvX9hmy036UK/Apv2YyIRYCttF/vlX6nMPcAKI8BXkscmL4QG3C69fw==",
        "dependencies": {
          "OpenTelemetry": "1.18.0"
        }
      },
      "OpenTelemetry.Instrumentation.AspNetCore": {
        "type": "Transitive",
        "resolved": "1.18.0",
        "contentHash": "hBiMXE/CGIAHUOpi0gScNkjHB0L9XbCin5lZObL+dMBl4OmpndnHgxP3JZDnnGtU6qOzdeh8TYUV9f6Jgmmhlw==",
        "dependencies": {
          "OpenTelemetry.Api.ProviderBuilderExtensions": "[1.18.0, 2.0.0)"
        }
      },
      "OpenTelemetry.Instrumentation.Http": {
        "type": "Transitive",
        "resolved": "1.18.0",
        "contentHash": "/X57peOOa4a+9V4DSVXbuIWdsAxmU5gsxw8lu+gJU0zuewsYhC9f6qdm8GEW0VvqG9e+gxn0HdVR5G3YHcWDTw==",
        "dependencies": {
          "OpenTelemetry.Api.ProviderBuilderExtensions": "[1.18.0, 2.0.0)"
        }
      },
      "OpenTelemetry.Instrumentation.Runtime": {
        "type": "Transitive",
        "resolved": "1.18.0",
        "contentHash": "McuXGjBJDL/Cown2PxfUQysK98MZG7ZDjO/IKUtaAx8t1m0PB0d+QtJC79RFTVipMhRIwjJiULNOp0OGfZbvwg==",
        "dependencies": {
          "OpenTelemetry.Api": "[1.18.0, 2.0.0)"
        }
      },
      "Pipelines.Sockets.Unofficial": {
        "type": "Transitive",
        "resolved": "2.2.8",
        "contentHash": "zG2FApP5zxSx6OcdJQLbZDk2AVlN2BNQD6MorwIfV6gVj0RRxWPEp2LXAxqDGZqeNV1Zp0BNPcNaey/GXmTdvQ=="
      },
      "Polly.Core": {
        "type": "Transitive",
        "resolved": "8.4.2",
        "contentHash": "BpE2I6HBYYA5tF0Vn4eoQOGYTYIK1BlF5EXVgkWGn3mqUUjbXAr13J6fZVbp7Q3epRR8yshacBMlsHMhpOiV3g=="
      },
      "Polly.Extensions": {
        "type": "Transitive",
        "resolved": "8.4.2",
        "contentHash": "GZ9vRVmR0jV2JtZavt+pGUsQ1O1cuRKG7R7VOZI6ZDy9y6RNPvRvXK1tuS4ffUrv8L0FTea59oEuQzgS0R7zSA==",
        "dependencies": {
          "Polly.Core": "8.4.2"
        }
      },
      "Polly.RateLimiting": {
        "type": "Transitive",
        "resolved": "8.4.2",
        "contentHash": "ehTImQ/eUyO07VYW2WvwSmU9rRH200SKJ/3jku9rOkyWE0A2JxNFmAVms8dSn49QLSjmjFRRSgfNyOgr/2PSmA==",
        "dependencies": {
          "Polly.Core": "8.4.2"
        }
      },
      "RabbitMQ.Client": {
        "type": "Transitive",
        "resolved": "7.2.2",
        "contentHash": "k4b6RnTXpLbsF96V93ooNYxgPMnoA2tEm24B6AXNJr1mG8wwNYdA1XJtgU66L5xqeGyveS7SJriRzlX3cbqQNA=="
      },
      "Scalar.AspNetCore": {
        "type": "Transitive",
        "resolved": "2.17.2",
        "contentHash": "ciW2HuRWJgNEecophHN9DvoRlTs/+8TNPhB6tQW1gmJWh/eoAIO0ys8XIxx7irUpIu3KRHZyxyuHstqqrTn1Tw=="
      },
      "StackExchange.Redis": {
        "type": "Transitive",
        "resolved": "2.7.27",
        "contentHash": "Uqc2OQHglqj9/FfGQ6RkKFkZfHySfZlfmbCl+hc+u2I/IqunfelQ7QJi7ZhvAJxUtu80pildVX6NPLdDaUffOw==",
        "dependencies": {
          "Pipelines.Sockets.Unofficial": "2.2.8"
        }
      },
      "System.IdentityModel.Tokens.Jwt": {
        "type": "Transitive",
        "resolved": "8.23.0",
        "contentHash": "mUuRjk0KKvF3dlF7CKcnjHn/4TFaWRDGjDRtn1rACitoIflv96apfLD9KPDisyCEuc/0ierocnHCvIXBvCL4Sw==",
        "dependencies": {
          "Microsoft.IdentityModel.JsonWebTokens": "8.23.0",
          "Microsoft.IdentityModel.Tokens": "8.23.0"
        }
      },
      "legacy.maliev.compatibilitycontracts": {
        "type": "Project"
      },
      "legacy.maliev.intranet.client": {
        "type": "Project",
        "dependencies": {
          "Legacy.Maliev.Intranet.Client.Features.Accounting": "[1.0.0, )",
          "Legacy.Maliev.Intranet.Client.Features.Catalog": "[1.0.0, )",
          "Legacy.Maliev.Intranet.Client.Features.Customers": "[1.0.0, )",
          "Legacy.Maliev.Intranet.Client.Features.Diagnostics": "[1.0.0, )",
          "Legacy.Maliev.Intranet.Client.Features.Employees": "[1.0.0, )",
          "Legacy.Maliev.Intranet.Client.Features.Orders": "[1.0.0, )",
          "Legacy.Maliev.Intranet.Client.Features.Procurement": "[1.0.0, )",
          "Legacy.Maliev.Intranet.Client.Features.Quotations": "[1.0.0, )",
          "Legacy.Maliev.Intranet.Client.Shared": "[1.0.0, )",
          "Legacy.Maliev.Intranet.Contracts": "[1.0.0, )",
          "Maliev.ShadcnBlazor": "[2.2.1, )",
          "Maliev.ShadcnBlazor.Icons.Lucide": "[2.2.1, )",
          "Microsoft.AspNetCore.Components.WebAssembly": "[10.0.12, )"
        }
      },
      "legacy.maliev.intranet.client.features.accounting": {
        "type": "Project",
        "dependencies": {
          "Legacy.Maliev.Intranet.Client.Shared": "[1.0.0, )",
          "Legacy.Maliev.Intranet.Contracts": "[1.0.0, )",
          "Maliev.ShadcnBlazor": "[2.2.1, )"
        }
      },
      "legacy.maliev.intranet.client.features.catalog": {
        "type": "Project",
        "dependencies": {
          "Legacy.Maliev.Intranet.Client.Shared": "[1.0.0, )",
          "Legacy.Maliev.Intranet.Contracts": "[1.0.0, )",
          "Maliev.ShadcnBlazor": "[2.2.1, )"
        }
      },
      "legacy.maliev.intranet.client.features.customers": {
        "type": "Project",
        "dependencies": {
          "Legacy.Maliev.Intranet.Client.Shared": "[1.0.0, )",
          "Legacy.Maliev.Intranet.Contracts": "[1.0.0, )",
          "Maliev.ShadcnBlazor": "[2.2.1, )"
        }
      },
      "legacy.maliev.intranet.client.features.diagnostics": {
        "type": "Project",
        "dependencies": {
          "Legacy.Maliev.Intranet.Client.Shared": "[1.0.0, )",
          "Legacy.Maliev.Intranet.Contracts": "[1.0.0, )",
          "Maliev.ShadcnBlazor": "[2.2.1, )"
        }
      },
      "legacy.maliev.intranet.client.features.employees": {
        "type": "Project",
        "dependencies": {
          "Legacy.Maliev.Intranet.Client.Shared": "[1.0.0, )",
          "Legacy.Maliev.Intranet.Contracts": "[1.0.0, )",
          "Maliev.ShadcnBlazor": "[2.2.1, )"
        }
      },
      "legacy.maliev.intranet.client.features.orders": {
        "type": "Project",
        "dependencies": {
          "Legacy.Maliev.Intranet.Client.Shared": "[1.0.0, )",
          "Legacy.Maliev.Intranet.Contracts": "[1.0.0, )",
          "Maliev.ShadcnBlazor": "[2.2.1, )",
          "Maliev.ShadcnBlazor.Icons.Lucide": "[2.2.1, )"
        }
      },
      "legacy.maliev.intranet.client.features.procurement": {
        "type": "Project",
        "dependencies": {
          "Legacy.Maliev.Intranet.Client.Shared": "[1.0.0, )",
          "Legacy.Maliev.Intranet.Contracts": "[1.0.0, )",
          "Maliev.ShadcnBlazor": "[2.2.1, )",
          "Maliev.ShadcnBlazor.Icons.Lucide": "[2.2.1, )"
        }
      },
      "legacy.maliev.intranet.client.features.quotations": {
        "type": "Project",
        "dependencies": {
          "Legacy.Maliev.Intranet.Client.Shared": "[1.0.0, )",
          "Legacy.Maliev.Intranet.Contracts": "[1.0.0, )",
          "Maliev.ShadcnBlazor": "[2.2.1, )",
          "Maliev.ShadcnBlazor.Icons.Lucide": "[2.2.1, )"
        }
      },
      "legacy.maliev.intranet.client.shared": {
        "type": "Project",
        "dependencies": {
          "Maliev.ShadcnBlazor": "[2.2.1, )",
          "Maliev.ShadcnBlazor.Icons.Lucide": "[2.2.1, )"
        }
      },
      "legacy.maliev.intranet.contracts": {
        "type": "Project"
      },
      "legacy.maliev.intranet.server": {
        "type": "Project",
        "dependencies": {
          "Legacy.Maliev.Intranet.Contracts": "[1.0.0, )",
          "Microsoft.AspNetCore.DataProtection.StackExchangeRedis": "[10.0.12, )",
          "Microsoft.Extensions.Caching.StackExchangeRedis": "[10.0.12, )",
          "System.IdentityModel.Tokens.Jwt": "[8.23.0, )"
        }
      },
      "legacy.maliev.servicedefaults": {
        "type": "Project",
        "dependencies": {
          "Asp.Versioning.Mvc.ApiExplorer": "[10.2.1, )",
          "Asp.Versioning.OpenApi": "[10.2.3, )",
          "AspNetCore.HealthChecks.Rabbitmq": "[9.0.0, )",
          "AspNetCore.HealthChecks.Redis": "[9.0.0, )",
          "Legacy.Maliev.CompatibilityContracts": "[1.0.0, )",
          "MassTransit.Abstractions": "[9.2.1, )",
          "MassTransit.RabbitMQ": "[9.2.1, )",
          "Microsoft.AspNetCore.Authentication.JwtBearer": "[10.0.12, )",
          "Microsoft.AspNetCore.OpenApi": "[10.0.12, )",
          "Microsoft.Extensions.Caching.StackExchangeRedis": "[10.0.12, )",
          "Microsoft.Extensions.Diagnostics.HealthChecks.EntityFrameworkCore": "[10.0.12, )",
          "Microsoft.Extensions.Http.Resilience": "[10.9.0, )",
          "Microsoft.Extensions.ServiceDiscovery": "[10.9.0, )",
          "Microsoft.OpenApi": "[2.12.2, )",
          "Npgsql.EntityFrameworkCore.PostgreSQL": "[10.0.3, )",
          "OpenTelemetry.Exporter.OpenTelemetryProtocol": "[1.18.0, )",
          "OpenTelemetry.Exporter.Prometheus.AspNetCore": "[1.14.0-beta.1, )",
          "OpenTelemetry.Extensions.Hosting": "[1.18.0, )",
          "OpenTelemetry.Instrumentation.AspNetCore": "[1.18.0, )",
          "OpenTelemetry.Instrumentation.Http": "[1.18.0, )",
          "OpenTelemetry.Instrumentation.Runtime": "[1.18.0, )",
          "Scalar.AspNetCore": "[2.17.2, )",
          "System.IdentityModel.Tokens.Jwt": "[8.22.0, )"
        }
      }
    }
  }
}